// !$*UTF8*$!
{
	archiveVersion = 1;
	classes = {
	};
	objectVersion = 50;
	objects = {

/* Begin PBXBuildFile section */
		0A338C5D229992730052BAE3 /* PairViewController.swift in Sources */ = {isa = PBXBuildFile; fileRef = 0A338C5C229992730052BAE3 /* PairViewController.swift */; };
		0A338C5F2299998F0052BAE3 /* PageViewController.swift in Sources */ = {isa = PBXBuildFile; fileRef = 0A338C5E2299998F0052BAE3 /* PageViewController.swift */; };
		0A727F9A2294A8CE00922ABB /* CompositeViewController.swift in Sources */ = {isa = PBXBuildFile; fileRef = 0A727F992294A8CE00922ABB /* CompositeViewController.swift */; };
		0A7677642296467C008587BD /* WorldStateController.swift in Sources */ = {isa = PBXBuildFile; fileRef = 0A7677632296467C008587BD /* WorldStateController.swift */; };
		0A767766229646DB008587BD /* WorldState.swift in Sources */ = {isa = PBXBuildFile; fileRef = 0A767765229646DB008587BD /* WorldState.swift */; };
		0A76776822965A05008587BD /* Formatting.swift in Sources */ = {isa = PBXBuildFile; fileRef = 0A76776722965A05008587BD /* Formatting.swift */; };
		0A7C658722278AB100E141EA /* AppDelegate.swift in Sources */ = {isa = PBXBuildFile; fileRef = 0A7C658622278AB100E141EA /* AppDelegate.swift */; };
		0A7C658C22278AB100E141EA /* Main.storyboard in Resources */ = {isa = PBXBuildFile; fileRef = 0A7C658A22278AB100E141EA /* Main.storyboard */; };
		0A7C658E22278AB200E141EA /* Assets.xcassets in Resources */ = {isa = PBXBuildFile; fileRef = 0A7C658D22278AB200E141EA /* Assets.xcassets */; };
		0A7C659122278AB200E141EA /* LaunchScreen.storyboard in Resources */ = {isa = PBXBuildFile; fileRef = 0A7C658F22278AB200E141EA /* LaunchScreen.storyboard */; };
		0A7C659922278BB400E141EA /* State.swift in Sources */ = {isa = PBXBuildFile; fileRef = 0A7C659822278BB400E141EA /* State.swift */; };
		0A7C659E22278EEE00E141EA /* States.swift in Sources */ = {isa = PBXBuildFile; fileRef = 0A7C659D22278EEE00E141EA /* States.swift */; };
		0A841080229633CA0037F9A9 /* ListViewController.swift in Sources */ = {isa = PBXBuildFile; fileRef = 0A84107F229633CA0037F9A9 /* ListViewController.swift */; };
		0A84108222963A960037F9A9 /* ItemViewController.swift in Sources */ = {isa = PBXBuildFile; fileRef = 0A84108122963A960037F9A9 /* ItemViewController.swift */; };
		0AABB9C622456A45007A43C4 /* DisplayMode.swift in Sources */ = {isa = PBXBuildFile; fileRef = 0AABB9C522456A45007A43C4 /* DisplayMode.swift */; };
/* End PBXBuildFile section */

/* Begin PBXFileReference section */
		0A338C5C229992730052BAE3 /* PairViewController.swift */ = {isa = PBXFileReference; lastKnownFileType = sourcecode.swift; path = PairViewController.swift; sourceTree = "<group>"; };
		0A338C5E2299998F0052BAE3 /* PageViewController.swift */ = {isa = PBXFileReference; lastKnownFileType = sourcecode.swift; path = PageViewController.swift; sourceTree = "<group>"; };
		0A727F992294A8CE00922ABB /* CompositeViewController.swift */ = {isa = PBXFileReference; lastKnownFileType = sourcecode.swift; path = CompositeViewController.swift; sourceTree = "<group>"; };
		0A7677632296467C008587BD /* WorldStateController.swift */ = {isa = PBXFileReference; lastKnownFileType = sourcecode.swift; path = WorldStateController.swift; sourceTree = "<group>"; };
		0A767765229646DB008587BD /* WorldState.swift */ = {isa = PBXFileReference; lastKnownFileType = sourcecode.swift; path = WorldState.swift; sourceTree = "<group>"; };
		0A76776722965A05008587BD /* Formatting.swift */ = {isa = PBXFileReference; lastKnownFileType = sourcecode.swift; path = Formatting.swift; sourceTree = "<group>"; };
		0A7C658322278AB100E141EA /* US Caps.app */ = {isa = PBXFileReference; explicitFileType = wrapper.application; includeInIndex = 0; path = "US Caps.app"; sourceTree = BUILT_PRODUCTS_DIR; };
		0A7C658622278AB100E141EA /* AppDelegate.swift */ = {isa = PBXFileReference; lastKnownFileType = sourcecode.swift; path = AppDelegate.swift; sourceTree = "<group>"; };
		0A7C658B22278AB100E141EA /* Base */ = {isa = PBXFileReference; lastKnownFileType = file.storyboard; name = Base; path = Base.lproj/Main.storyboard; sourceTree = "<group>"; };
		0A7C658D22278AB200E141EA /* Assets.xcassets */ = {isa = PBXFileReference; lastKnownFileType = folder.assetcatalog; path = Assets.xcassets; sourceTree = "<group>"; };
		0A7C659022278AB200E141EA /* Base */ = {isa = PBXFileReference; lastKnownFileType = file.storyboard; name = Base; path = Base.lproj/LaunchScreen.storyboard; sourceTree = "<group>"; };
		0A7C659222278AB200E141EA /* Info.plist */ = {isa = PBXFileReference; lastKnownFileType = text.plist.xml; path = Info.plist; sourceTree = "<group>"; };
		0A7C659822278BB400E141EA /* State.swift */ = {isa = PBXFileReference; lastKnownFileType = sourcecode.swift; path = State.swift; sourceTree = "<group>"; };
		0A7C659D22278EEE00E141EA /* States.swift */ = {isa = PBXFileReference; lastKnownFileType = sourcecode.swift; path = States.swift; sourceTree = "<group>"; };
		0A84107F229633CA0037F9A9 /* ListViewController.swift */ = {isa = PBXFileReference; lastKnownFileType = sourcecode.swift; path = ListViewController.swift; sourceTree = "<group>"; };
		0A84108122963A960037F9A9 /* ItemViewController.swift */ = {isa = PBXFileReference; lastKnownFileType = sourcecode.swift; path = ItemViewController.swift; sourceTree = "<group>"; };
		0AABB9C522456A45007A43C4 /* DisplayMode.swift */ = {isa = PBXFileReference; lastKnownFileType = sourcecode.swift; path = DisplayMode.swift; sourceTree = "<group>"; };
/* End PBXFileReference section */

/* Begin PBXFrameworksBuildPhase section */
		0A7C658022278AB100E141EA /* Frameworks */ = {
			isa = PBXFrameworksBuildPhase;
			buildActionMask = 2147483647;
			files = (
			);
			runOnlyForDeploymentPostprocessing = 0;
		};
/* End PBXFrameworksBuildPhase section */

/* Begin PBXGroup section */
		0A7C657A22278AB100E141EA = {
			isa = PBXGroup;
			children = (
				0A7C658522278AB100E141EA /* US Caps */,
				0A7C658D22278AB200E141EA /* Assets.xcassets */,
				0A7C658422278AB100E141EA /* Products */,
			);
			sourceTree = "<group>";
		};
		0A7C658422278AB100E141EA /* Products */ = {
			isa = PBXGroup;
			children = (
				0A7C658322278AB100E141EA /* US Caps.app */,
			);
			name = Products;
			sourceTree = "<group>";
		};
		0A7C658522278AB100E141EA /* US Caps */ = {
			isa = PBXGroup;
			children = (
				0A9731DF22963C7200F51B96 /* Views */,
				0A9731E022963C8500F51B96 /* Controllers */,
				0A9731E122963CAB00F51B96 /* Models */,
				0A9731E222963CD500F51B96 /* ModelControllers */,
				0A7C659222278AB200E141EA /* Info.plist */,
			);
			path = "US Caps";
			sourceTree = "<group>";
		};
		0A9731DF22963C7200F51B96 /* Views */ = {
			isa = PBXGroup;
			children = (
				0A7C658A22278AB100E141EA /* Main.storyboard */,
				0A7C658F22278AB200E141EA /* LaunchScreen.storyboard */,
				0A76776722965A05008587BD /* Formatting.swift */,
			);
			name = Views;
			sourceTree = "<group>";
		};
		0A9731E022963C8500F51B96 /* Controllers */ = {
			isa = PBXGroup;
			children = (
				0A727F992294A8CE00922ABB /* CompositeViewController.swift */,
				0A84107F229633CA0037F9A9 /* ListViewController.swift */,
				0A84108122963A960037F9A9 /* ItemViewController.swift */,
				0A338C5E2299998F0052BAE3 /* PageViewController.swift */,
				0A338C5C229992730052BAE3 /* PairViewController.swift */,
			);
			name = Controllers;
			sourceTree = "<group>";
		};
		0A9731E122963CAB00F51B96 /* Models */ = {
			isa = PBXGroup;
			children = (
				0A767765229646DB008587BD /* WorldState.swift */,
				0AABB9C522456A45007A43C4 /* DisplayMode.swift */,
				0A7C659D22278EEE00E141EA /* States.swift */,
				0A7C659822278BB400E141EA /* State.swift */,
			);
			name = Models;
			sourceTree = "<group>";
		};
		0A9731E222963CD500F51B96 /* ModelControllers */ = {
			isa = PBXGroup;
			children = (
				0A7677632296467C008587BD /* WorldStateController.swift */,
				0A7C658622278AB100E141EA /* AppDelegate.swift */,
			);
			name = ModelControllers;
			sourceTree = "<group>";
		};
/* End PBXGroup section */

/* Begin PBXNativeTarget section */
		0A7C658222278AB100E141EA /* US Caps */ = {
			isa = PBXNativeTarget;
			buildConfigurationList = 0A7C659522278AB200E141EA /* Build configuration list for PBXNativeTarget "US Caps" */;
			buildPhases = (
				0A7C657F22278AB100E141EA /* Sources */,
				0A7C658022278AB100E141EA /* Frameworks */,
				0A7C658122278AB100E141EA /* Resources */,
			);
			buildRules = (
			);
			dependencies = (
			);
			name = "US Caps";
			productName = "US Caps";
			productReference = 0A7C658322278AB100E141EA /* US Caps.app */;
			productType = "com.apple.product-type.application";
		};
/* End PBXNativeTarget section */

/* Begin PBXProject section */
		0A7C657B22278AB100E141EA /* Project object */ = {
			isa = PBXProject;
			attributes = {
				LastSwiftUpdateCheck = 1010;
				LastUpgradeCheck = 1010;
				ORGANIZATIONNAME = "Kevin Jackson";
				TargetAttributes = {
					0A7C658222278AB100E141EA = {
						CreatedOnToolsVersion = 10.1;
						LastSwiftMigration = 1020;
					};
				};
			};
			buildConfigurationList = 0A7C657E22278AB100E141EA /* Build configuration list for PBXProject "US Caps" */;
			compatibilityVersion = "Xcode 9.3";
			developmentRegion = en;
			hasScannedForEncodings = 0;
			knownRegions = (
				en,
				Base,
			);
			mainGroup = 0A7C657A22278AB100E141EA;
			productRefGroup = 0A7C658422278AB100E141EA /* Products */;
			projectDirPath = "";
			projectRoot = "";
			targets = (
				0A7C658222278AB100E141EA /* US Caps */,
			);
		};
/* End PBXProject section */

/* Begin PBXResourcesBuildPhase section */
		0A7C658122278AB100E141EA /* Resources */ = {
			isa = PBXResourcesBuildPhase;
			buildActionMask = 2147483647;
			files = (
				0A7C659122278AB200E141EA /* LaunchScreen.storyboard in Resources */,
				0A7C658E22278AB200E141EA /* Assets.xcassets in Resources */,
				0A7C658C22278AB100E141EA /* Main.storyboard in Resources */,
			);
			runOnlyForDeploymentPostprocessing = 0;
		};
/* End PBXResourcesBuildPhase section */

/* Begin PBXSourcesBuildPhase section */
		0A7C657F22278AB100E141EA /* Sources */ = {
			isa = PBXSourcesBuildPhase;
			buildActionMask = 2147483647;
			files = (
				0A767766229646DB008587BD /* WorldState.swift in Sources */,
				0A338C5D229992730052BAE3 /* PairViewController.swift in Sources */,
				0A7677642296467C008587BD /* WorldStateController.swift in Sources */,
				0A338C5F2299998F0052BAE3 /* PageViewController.swift in Sources */,
				0A76776822965A05008587BD /* Formatting.swift in Sources */,
				0A84108222963A960037F9A9 /* ItemViewController.swift in Sources */,
				0AABB9C622456A45007A43C4 /* DisplayMode.swift in Sources */,
				0A7C658722278AB100E141EA /* AppDelegate.swift in Sources */,
				0A7C659922278BB400E141EA /* State.swift in Sources */,
				0A7C659E22278EEE00E141EA /* States.swift in Sources */,
				0A841080229633CA0037F9A9 /* ListViewController.swift in Sources */,
				0A727F9A2294A8CE00922ABB /* CompositeViewController.swift in Sources */,
			);
			runOnlyForDeploymentPostprocessing = 0;
		};
/* End PBXSourcesBuildPhase section */

/* Begin PBXVariantGroup section */
		0A7C658A22278AB100E141EA /* Main.storyboard */ = {
			isa = PBXVariantGroup;
			children = (
				0A7C658B22278AB100E141EA /* Base */,
			);
			name = Main.storyboard;
			sourceTree = "<group>";
		};
		0A7C658F22278AB200E141EA /* LaunchScreen.storyboard */ = {
			isa = PBXVariantGroup;
			children = (
				0A7C659022278AB200E141EA /* Base */,
			);
			name = LaunchScreen.storyboard;
			sourceTree = "<group>";
		};
/* End PBXVariantGroup section */

/* Begin XCBuildConfiguration section */
		0A7C659322278AB200E141EA /* Debug */ = {
			isa = XCBuildConfiguration;
			buildSettings = {
				ALWAYS_SEARCH_USER_PATHS = NO;
				CLANG_ANALYZER_NONNULL = YES;
				CLANG_ANALYZER_NUMBER_OBJECT_CONVERSION = YES_AGGRESSIVE;
				CLANG_CXX_LANGUAGE_STANDARD = "gnu++14";
				CLANG_CXX_LIBRARY = "libc++";
				CLANG_ENABLE_MODULES = YES;
				CLANG_ENABLE_OBJC_ARC = YES;
				CLANG_ENABLE_OBJC_WEAK = YES;
				CLANG_WARN_BLOCK_CAPTURE_AUTORELEASING = YES;
				CLANG_WARN_BOOL_CONVERSION = YES;
				CLANG_WARN_COMMA = YES;
				CLANG_WARN_CONSTANT_CONVERSION = YES;
				CLANG_WARN_DEPRECATED_OBJC_IMPLEMENTATIONS = YES;
				CLANG_WARN_DIRECT_OBJC_ISA_USAGE = YES_ERROR;
				CLANG_WARN_DOCUMENTATION_COMMENTS = YES;
				CLANG_WARN_EMPTY_BODY = YES;
				CLANG_WARN_ENUM_CONVERSION = YES;
				CLANG_WARN_INFINITE_RECURSION = YES;
				CLANG_WARN_INT_CONVERSION = YES;
				CLANG_WARN_NON_LITERAL_NULL_CONVERSION = YES;
				CLANG_WARN_OBJC_IMPLICIT_RETAIN_SELF = YES;
				CLANG_WARN_OBJC_LITERAL_CONVERSION = YES;
				CLANG_WARN_OBJC_ROOT_CLASS = YES_ERROR;
				CLANG_WARN_RANGE_LOOP_ANALYSIS = YES;
				CLANG_WARN_STRICT_PROTOTYPES = YES;
				CLANG_WARN_SUSPICIOUS_MOVE = YES;
				CLANG_WARN_UNGUARDED_AVAILABILITY = YES_AGGRESSIVE;
				CLANG_WARN_UNREACHABLE_CODE = YES;
				CLANG_WARN__DUPLICATE_METHOD_MATCH = YES;
				CODE_SIGN_IDENTITY = "iPhone Developer";
				COPY_PHASE_STRIP = NO;
				DEBUG_INFORMATION_FORMAT = dwarf;
				ENABLE_STRICT_OBJC_MSGSEND = YES;
				ENABLE_TESTABILITY = YES;
				GCC_C_LANGUAGE_STANDARD = gnu11;
				GCC_DYNAMIC_NO_PIC = NO;
				GCC_NO_COMMON_BLOCKS = YES;
				GCC_OPTIMIZATION_LEVEL = 0;
				GCC_PREPROCESSOR_DEFINITIONS = (
					"DEBUG=1",
					"$(inherited)",
				);
				GCC_WARN_64_TO_32_BIT_CONVERSION = YES;
				GCC_WARN_ABOUT_RETURN_TYPE = YES_ERROR;
				GCC_WARN_UNDECLARED_SELECTOR = YES;
				GCC_WARN_UNINITIALIZED_AUTOS = YES_AGGRESSIVE;
				GCC_WARN_UNUSED_FUNCTION = YES;
				GCC_WARN_UNUSED_VARIABLE = YES;
				IPHONEOS_DEPLOYMENT_TARGET = 12.1;
				MTL_ENABLE_DEBUG_INFO = INCLUDE_SOURCE;
				MTL_FAST_MATH = YES;
				ONLY_ACTIVE_ARCH = YES;
				SDKROOT = iphoneos;
				SWIFT_ACTIVE_COMPILATION_CONDITIONS = DEBUG;
				SWIFT_OPTIMIZATION_LEVEL = "-Onone";
			};
			name = Debug;
		};
		0A7C659422278AB200E141EA /* Release */ = {
			isa = XCBuildConfiguration;
			buildSettings = {
				ALWAYS_SEARCH_USER_PATHS = NO;
				CLANG_ANALYZER_NONNULL = YES;
				CLANG_ANALYZER_NUMBER_OBJECT_CONVERSION = YES_AGGRESSIVE;
				CLANG_CXX_LANGUAGE_STANDARD = "gnu++14";
				CLANG_CXX_LIBRARY = "libc++";
				CLANG_ENABLE_MODULES = YES;
				CLANG_ENABLE_OBJC_ARC = YES;
				CLANG_ENABLE_OBJC_WEAK = YES;
				CLANG_WARN_BLOCK_CAPTURE_AUTORELEASING = YES;
				CLANG_WARN_BOOL_CONVERSION = YES;
				CLANG_WARN_COMMA = YES;
				CLANG_WARN_CONSTANT_CONVERSION = YES;
				CLANG_WARN_DEPRECATED_OBJC_IMPLEMENTATIONS = YES;
				CLANG_WARN_DIRECT_OBJC_ISA_USAGE = YES_ERROR;
				CLANG_WARN_DOCUMENTATION_COMMENTS = YES;
				CLANG_WARN_EMPTY_BODY = YES;
				CLANG_WARN_ENUM_CONVERSION = YES;
				CLANG_WARN_INFINITE_RECURSION = YES;
				CLANG_WARN_INT_CONVERSION = YES;
				CLANG_WARN_NON_LITERAL_NULL_CONVERSION = YES;
				CLANG_WARN_OBJC_IMPLICIT_RETAIN_SELF = YES;
				CLANG_WARN_OBJC_LITERAL_CONVERSION = YES;
				CLANG_WARN_OBJC_ROOT_CLASS = YES_ERROR;
				CLANG_WARN_RANGE_LOOP_ANALYSIS = YES;
				CLANG_WARN_STRICT_PROTOTYPES = YES;
				CLANG_WARN_SUSPICIOUS_MOVE = YES;
				CLANG_WARN_UNGUARDED_AVAILABILITY = YES_AGGRESSIVE;
				CLANG_WARN_UNREACHABLE_CODE = YES;
				CLANG_WARN__DUPLICATE_METHOD_MATCH = YES;
				CODE_SIGN_IDENTITY = "iPhone Developer";
				COPY_PHASE_STRIP = NO;
				DEBUG_INFORMATION_FORMAT = "dwarf-with-dsym";
				ENABLE_NS_ASSERTIONS = NO;
				ENABLE_STRICT_OBJC_MSGSEND = YES;
				GCC_C_LANGUAGE_STANDARD = gnu11;
				GCC_NO_COMMON_BLOCKS = YES;
				GCC_WARN_64_TO_32_BIT_CONVERSION = YES;
				GCC_WARN_ABOUT_RETURN_TYPE = YES_ERROR;
				GCC_WARN_UNDECLARED_SELECTOR = YES;
				GCC_WARN_UNINITIALIZED_AUTOS = YES_AGGRESSIVE;
				GCC_WARN_UNUSED_FUNCTION = YES;
				GCC_WARN_UNUSED_VARIABLE = YES;
				IPHONEOS_DEPLOYMENT_TARGET = 12.1;
				MTL_ENABLE_DEBUG_INFO = NO;
				MTL_FAST_MATH = YES;
				SDKROOT = iphoneos;
				SWIFT_COMPILATION_MODE = wholemodule;
				SWIFT_OPTIMIZATION_LEVEL = "-O";
				VALIDATE_PRODUCT = YES;
			};
			name = Release;
		};
		0A7C659622278AB200E141EA /* Debug */ = {
			isa = XCBuildConfiguration;
			buildSettings = {
				ASSETCATALOG_COMPILER_APPICON_NAME = AppIcon;
				CODE_SIGN_STYLE = Automatic;
				DEVELOPMENT_TEAM = 5R5PSWDHXJ;
				INFOPLIST_FILE = "US Caps/Info.plist";
				LD_RUNPATH_SEARCH_PATHS = (
					"$(inherited)",
					"@executable_path/Frameworks",
				);
				PRODUCT_BUNDLE_IDENTIFIER = "com.kevincjackson.US-Caps";
				PRODUCT_NAME = "$(TARGET_NAME)";
				SWIFT_VERSION = 5.0;
				TARGETED_DEVICE_FAMILY = "1,2";
			};
			name = Debug;
		};
		0A7C659722278AB200E141EA /* Release */ = {
			isa = XCBuildConfiguration;
			buildSettings = {
				ASSETCATALOG_COMPILER_APPICON_NAME = AppIcon;
				CODE_SIGN_STYLE = Automatic;
				DEVELOPMENT_TEAM = 5R5PSWDHXJ;
				INFOPLIST_FILE = "US Caps/Info.plist";
				LD_RUNPATH_SEARCH_PATHS = (
					"$(inherited)",
					"@executable_path/Frameworks",
				);
				PRODUCT_BUNDLE_IDENTIFIER = "com.kevincjackson.US-Caps";
				PRODUCT_NAME = "$(TARGET_NAME)";
				SWIFT_VERSION = 5.0;
				TARGETED_DEVICE_FAMILY = "1,2";
			};
			name = Release;
		};
/* End XCBuildConfiguration section */

/* Begin XCConfigurationList section */
		0A7C657E22278AB100E141EA /* Build configuration list for PBXProject "US Caps" */ = {
			isa = XCConfigurationList;
			buildConfigurations = (
				0A7C659322278AB200E141EA /* Debug */,
				0A7C659422278AB200E141EA /* Release */,
			);
			defaultConfigurationIsVisible = 0;
			defaultConfigurationName = Release;
		};
		0A7C659522278AB200E141EA /* Build configuration list for PBXNativeTarget "US Caps" */ = {
			isa = XCConfigurationList;
			buildConfigurations = (
				0A7C659622278AB200E141EA /* Debug */,
				0A7C659722278AB200E141EA /* Release */,
			);
			defaultConfigurationIsVisible = 0;
			defaultConfigurationName = Release;
		};
/* End XCConfigurationList section */
	};
	rootObject = 0A7C657B22278AB100E141EA /* Project object */;
}
